
Microsoft Visual Studio Solution File, Format Version 12.00
# Visual Studio 2012
Project("{FAE04EC0-301F-11D3-BF4B-00C04F79EFBC}") = "Tri", "Tri.csproj", "{F50A08DD-039B-4912-8AEF-241EB82A9130}"
EndProject
Project("{FAE04EC0-301F-11D3-BF4B-00C04F79EFBC}") = "UnitTestProject2", "..\UnitTestProject2\UnitTestProject2.csproj", "{96AFFF40-E7DF-451D-A956-C5213A8B3C30}"
EndProject
Global
	GlobalSection(SolutionConfigurationPlatforms) = preSolution
		Debug|Any CPU = Debug|Any CPU
		Release|Any CPU = Release|Any CPU
	EndGlobalSection
	GlobalSection(ProjectConfigurationPlatforms) = postSolution
		{F50A08DD-039B-4912-8AEF-241EB82A9130}.Debug|Any CPU.ActiveCfg = Debug|Any CPU
		{F50A08DD-039B-4912-8AEF-241EB82A9130}.Debug|Any CPU.Build.0 = Debug|Any CPU
		{F50A08DD-039B-4912-8AEF-241EB82A9130}.Release|Any CPU.ActiveCfg = Release|Any CPU
		{F50A08DD-039B-4912-8AEF-241EB82A9130}.Release|Any CPU.Build.0 = Release|Any CPU
		{96AFFF40-E7DF-451D-A956-C5213A8B3C30}.Debug|Any CPU.ActiveCfg = Debug|Any CPU
		{96AFFF40-E7DF-451D-A956-C5213A8B3C30}.Debug|Any CPU.Build.0 = Debug|Any CPU
		{96AFFF40-E7DF-451D-A956-C5213A8B3C30}.Release|Any CPU.ActiveCfg = Release|Any CPU
		{96AFFF40-E7DF-451D-A956-C5213A8B3C30}.Release|Any CPU.Build.0 = Release|Any CPU
	EndGlobalSection
	GlobalSection(SolutionProperties) = preSolution
		HideSolutionNode = FALSE
	EndGlobalSection
EndGlobal
